
Microsoft Visual Studio Solution File, Format Version 12.00
# Visual Studio 15
VisualStudioVersion = 15.0.27004.2006
MinimumVisualStudioVersion = 10.0.40219.1
Project("{FAE04EC0-301F-11D3-BF4B-00C04F79EFBC}") = "ASP.NET_Icerik_Yonetim", "Gazi.KazanMYO.SubeProje\ASP.NET_Icerik_Yonetim.csproj", "{BE21587C-61ED-4895-8972-7041EE5BCF59}"
EndProject
Project("{FAE04EC0-301F-11D3-BF4B-00C04F79EFBC}") = "DAL", "DAL\DAL.csproj", "{14518BD6-FE1A-4BAC-B702-B418176AA48B}"
EndProject
Project("{FAE04EC0-301F-11D3-BF4B-00C04F79EFBC}") = "BLL", "BLL\BLL.csproj", "{29D65073-9AC7-4887-BBAF-154E55E22077}"
EndProject
Project("{FAE04EC0-301F-11D3-BF4B-00C04F79EFBC}") = "MODEL", "MODEL\MODEL.csproj", "{67153C7D-AEFC-438E-A96F-954E48800CB9}"
EndProject
Global
	GlobalSection(SolutionConfigurationPlatforms) = preSolution
		Debug|Any CPU = Debug|Any CPU
		Release|Any CPU = Release|Any CPU
	EndGlobalSection
	GlobalSection(ProjectConfigurationPlatforms) = postSolution
		{BE21587C-61ED-4895-8972-7041EE5BCF59}.Debug|Any CPU.ActiveCfg = Debug|Any CPU
		{BE21587C-61ED-4895-8972-7041EE5BCF59}.Debug|Any CPU.Build.0 = Debug|Any CPU
		{BE21587C-61ED-4895-8972-7041EE5BCF59}.Release|Any CPU.ActiveCfg = Release|Any CPU
		{BE21587C-61ED-4895-8972-7041EE5BCF59}.Release|Any CPU.Build.0 = Release|Any CPU
		{14518BD6-FE1A-4BAC-B702-B418176AA48B}.Debug|Any CPU.ActiveCfg = Debug|Any CPU
		{14518BD6-FE1A-4BAC-B702-B418176AA48B}.Debug|Any CPU.Build.0 = Debug|Any CPU
		{14518BD6-FE1A-4BAC-B702-B418176AA48B}.Release|Any CPU.ActiveCfg = Release|Any CPU
		{14518BD6-FE1A-4BAC-B702-B418176AA48B}.Release|Any CPU.Build.0 = Release|Any CPU
		{29D65073-9AC7-4887-BBAF-154E55E22077}.Debug|Any CPU.ActiveCfg = Debug|Any CPU
		{29D65073-9AC7-4887-BBAF-154E55E22077}.Debug|Any CPU.Build.0 = Debug|Any CPU
		{29D65073-9AC7-4887-BBAF-154E55E22077}.Release|Any CPU.ActiveCfg = Release|Any CPU
		{29D65073-9AC7-4887-BBAF-154E55E22077}.Release|Any CPU.Build.0 = Release|Any CPU
		{67153C7D-AEFC-438E-A96F-954E48800CB9}.Debug|Any CPU.ActiveCfg = Debug|Any CPU
		{67153C7D-AEFC-438E-A96F-954E48800CB9}.Debug|Any CPU.Build.0 = Debug|Any CPU
		{67153C7D-AEFC-438E-A96F-954E48800CB9}.Release|Any CPU.ActiveCfg = Release|Any CPU
		{67153C7D-AEFC-438E-A96F-954E48800CB9}.Release|Any CPU.Build.0 = Release|Any CPU
	EndGlobalSection
	GlobalSection(SolutionProperties) = preSolution
		HideSolutionNode = FALSE
	EndGlobalSection
	GlobalSection(ExtensibilityGlobals) = postSolution
		SolutionGuid = {2C924B54-279E-489F-AFDB-6C6141AB1668}
	EndGlobalSection
EndGlobal
